
Microsoft Visual Studio Solution File, Format Version 12.00
# Visual Studio Version 17
VisualStudioVersion = 17.2.32505.173
MinimumVisualStudioVersion = 10.0.40219.1
Project("{9A19103F-16F7-4668-BE54-9A1E7A4F7556}") = "WinFormsApp1", "WinFormsApp1\WinFormsApp1.csproj", "{52BC83F0-6DA2-4DB3-825F-C3A789E1ADCD}"
EndProject
Global
	GlobalSection(SolutionConfigurationPlatforms) = preSolution
		Debug|Any CPU = Debug|Any CPU
		Release|Any CPU = Release|Any CPU
	EndGlobalSection
	GlobalSection(ProjectConfigurationPlatforms) = postSolution
		{52BC83F0-6DA2-4DB3-825F-C3A789E1ADCD}.Debug|Any CPU.ActiveCfg = Debug|Any CPU
		{52BC83F0-6DA2-4DB3-825F-C3A789E1ADCD}.Debug|Any CPU.Build.0 = Debug|Any CPU
		{52BC83F0-6DA2-4DB3-825F-C3A789E1ADCD}.Release|Any CPU.ActiveCfg = Release|Any CPU
		{52BC83F0-6DA2-4DB3-825F-C3A789E1ADCD}.Release|Any CPU.Build.0 = Release|Any CPU
	EndGlobalSection
	GlobalSection(SolutionProperties) = preSolution
		HideSolutionNode = FALSE
	EndGlobalSection
	GlobalSection(ExtensibilityGlobals) = postSolution
		SolutionGuid = {F4DF013C-B394-45D2-B778-662079F6ABFD}
	EndGlobalSection
EndGlobal
